// !$*UTF8*$!
{
	archiveVersion = 1;
	classes = {
	};
	objectVersion = 55;
	objects = {

/* Begin PBXBuildFile section */
		AE30BEC72D5CEBDB00A5916A /* AppToDoApp.swift in Sources */ = {isa = PBXBuildFile; fileRef = AE30BEC62D5CEBDB00A5916A /* AppToDoApp.swift */; };
		AE30BECB2D5CEBE000A5916A /* Assets.xcassets in Resources */ = {isa = PBXBuildFile; fileRef = AE30BECA2D5CEBE000A5916A /* Assets.xcassets */; };
		AE30BECE2D5CEBE000A5916A /* Preview Assets.xcassets in Resources */ = {isa = PBXBuildFile; fileRef = AE30BECD2D5CEBE000A5916A /* Preview Assets.xcassets */; };
		AE30BED72D5CEC4D00A5916A /* ListView.swift in Sources */ = {isa = PBXBuildFile; fileRef = AE30BED62D5CEC4D00A5916A /* ListView.swift */; };
		AE30BED92D5CEC7000A5916A /* ListRawView.swift in Sources */ = {isa = PBXBuildFile; fileRef = AE30BED82D5CEC7000A5916A /* ListRawView.swift */; };
		AE30BEDB2D5CEC8E00A5916A /* AddView.swift in Sources */ = {isa = PBXBuildFile; fileRef = AE30BEDA2D5CEC8D00A5916A /* AddView.swift */; };
		AE30BEDF2D5CEFFE00A5916A /* ItemModel.swift in Sources */ = {isa = PBXBuildFile; fileRef = AE30BEDE2D5CEFFE00A5916A /* ItemModel.swift */; };
		AE905E3B2D5E0F6C00C96E6B /* ListViewModel.swift in Sources */ = {isa = PBXBuildFile; fileRef = AE905E3A2D5E0F6C00C96E6B /* ListViewModel.swift */; };
/* End PBXBuildFile section */

/* Begin PBXFileReference section */
		AE30BEC32D5CEBDB00A5916A /* AppToDo.app */ = {isa = PBXFileReference; explicitFileType = wrapper.application; includeInIndex = 0; path = AppToDo.app; sourceTree = BUILT_PRODUCTS_DIR; };
		AE30BEC62D5CEBDB00A5916A /* AppToDoApp.swift */ = {isa = PBXFileReference; lastKnownFileType = sourcecode.swift; path = AppToDoApp.swift; sourceTree = "<group>"; };
		AE30BECA2D5CEBE000A5916A /* Assets.xcassets */ = {isa = PBXFileReference; lastKnownFileType = folder.assetcatalog; path = Assets.xcassets; sourceTree = "<group>"; };
		AE30BECD2D5CEBE000A5916A /* Preview Assets.xcassets */ = {isa = PBXFileReference; lastKnownFileType = folder.assetcatalog; path = "Preview Assets.xcassets"; sourceTree = "<group>"; };
		AE30BED62D5CEC4D00A5916A /* ListView.swift */ = {isa = PBXFileReference; lastKnownFileType = sourcecode.swift; path = ListView.swift; sourceTree = "<group>"; };
		AE30BED82D5CEC7000A5916A /* ListRawView.swift */ = {isa = PBXFileReference; lastKnownFileType = sourcecode.swift; path = ListRawView.swift; sourceTree = "<group>"; };
		AE30BEDA2D5CEC8D00A5916A /* AddView.swift */ = {isa = PBXFileReference; lastKnownFileType = sourcecode.swift; path = AddView.swift; sourceTree = "<group>"; };
		AE30BEDE2D5CEFFE00A5916A /* ItemModel.swift */ = {isa = PBXFileReference; lastKnownFileType = sourcecode.swift; path = ItemModel.swift; sourceTree = "<group>"; };
		AE905E3A2D5E0F6C00C96E6B /* ListViewModel.swift */ = {isa = PBXFileReference; lastKnownFileType = sourcecode.swift; path = ListViewModel.swift; sourceTree = "<group>"; };
/* End PBXFileReference section */

/* Begin PBXFrameworksBuildPhase section */
		AE30BEC02D5CEBDB00A5916A /* Frameworks */ = {
			isa = PBXFrameworksBuildPhase;
			buildActionMask = 2147483647;
			files = (
			);
			runOnlyForDeploymentPostprocessing = 0;
		};
/* End PBXFrameworksBuildPhase section */

/* Begin PBXGroup section */
		AE30BEBA2D5CEBDB00A5916A = {
			isa = PBXGroup;
			children = (
				AE30BEC52D5CEBDB00A5916A /* AppToDo */,
				AE30BEC42D5CEBDB00A5916A /* Products */,
			);
			sourceTree = "<group>";
		};
		AE30BEC42D5CEBDB00A5916A /* Products */ = {
			isa = PBXGroup;
			children = (
				AE30BEC32D5CEBDB00A5916A /* AppToDo.app */,
			);
			name = Products;
			sourceTree = "<group>";
		};
		AE30BEC52D5CEBDB00A5916A /* AppToDo */ = {
			isa = PBXGroup;
			children = (
				AE30BEC62D5CEBDB00A5916A /* AppToDoApp.swift */,
				AE30BED52D5CEC0F00A5916A /* Models */,
				AE30BED42D5CEC0600A5916A /* Views */,
				AE30BECA2D5CEBE000A5916A /* Assets.xcassets */,
				AE30BECC2D5CEBE000A5916A /* Preview Content */,
			);
			path = AppToDo;
			sourceTree = "<group>";
		};
		AE30BECC2D5CEBE000A5916A /* Preview Content */ = {
			isa = PBXGroup;
			children = (
				AE30BECD2D5CEBE000A5916A /* Preview Assets.xcassets */,
			);
			path = "Preview Content";
			sourceTree = "<group>";
		};
		AE30BED42D5CEC0600A5916A /* Views */ = {
			isa = PBXGroup;
			children = (
				AE30BED62D5CEC4D00A5916A /* ListView.swift */,
				AE30BED82D5CEC7000A5916A /* ListRawView.swift */,
				AE30BEDA2D5CEC8D00A5916A /* AddView.swift */,
				AE905E392D5E0F5900C96E6B /* VM */,
			);
			path = Views;
			sourceTree = "<group>";
		};
		AE30BED52D5CEC0F00A5916A /* Models */ = {
			isa = PBXGroup;
			children = (
				AE30BEDE2D5CEFFE00A5916A /* ItemModel.swift */,
			);
			path = Models;
			sourceTree = "<group>";
		};
		AE905E392D5E0F5900C96E6B /* VM */ = {
			isa = PBXGroup;
			children = (
				AE905E3A2D5E0F6C00C96E6B /* ListViewModel.swift */,
			);
			path = VM;
			sourceTree = "<group>";
		};
/* End PBXGroup section */

/* Begin PBXNativeTarget section */
		AE30BEC22D5CEBDB00A5916A /* AppToDo */ = {
			isa = PBXNativeTarget;
			buildConfigurationList = AE30BED12D5CEBE000A5916A /* Build configuration list for PBXNativeTarget "AppToDo" */;
			buildPhases = (
				AE30BEBF2D5CEBDB00A5916A /* Sources */,
				AE30BEC02D5CEBDB00A5916A /* Frameworks */,
				AE30BEC12D5CEBDB00A5916A /* Resources */,
			);
			buildRules = (
			);
			dependencies = (
			);
			name = AppToDo;
			productName = AppToDo;
			productReference = AE30BEC32D5CEBDB00A5916A /* AppToDo.app */;
			productType = "com.apple.product-type.application";
		};
/* End PBXNativeTarget section */

/* Begin PBXProject section */
		AE30BEBB2D5CEBDB00A5916A /* Project object */ = {
			isa = PBXProject;
			attributes = {
				BuildIndependentTargetsInParallel = 1;
				LastSwiftUpdateCheck = 1300;
				LastUpgradeCheck = 1300;
				TargetAttributes = {
					AE30BEC22D5CEBDB00A5916A = {
						CreatedOnToolsVersion = 13.0;
					};
				};
			};
			buildConfigurationList = AE30BEBE2D5CEBDB00A5916A /* Build configuration list for PBXProject "AppToDo" */;
			compatibilityVersion = "Xcode 13.0";
			developmentRegion = en;
			hasScannedForEncodings = 0;
			knownRegions = (
				en,
				Base,
			);
			mainGroup = AE30BEBA2D5CEBDB00A5916A;
			productRefGroup = AE30BEC42D5CEBDB00A5916A /* Products */;
			projectDirPath = "";
			projectRoot = "";
			targets = (
				AE30BEC22D5CEBDB00A5916A /* AppToDo */,
			);
		};
/* End PBXProject section */

/* Begin PBXResourcesBuildPhase section */
		AE30BEC12D5CEBDB00A5916A /* Resources */ = {
			isa = PBXResourcesBuildPhase;
			buildActionMask = 2147483647;
			files = (
				AE30BECE2D5CEBE000A5916A /* Preview Assets.xcassets in Resources */,
				AE30BECB2D5CEBE000A5916A /* Assets.xcassets in Resources */,
			);
			runOnlyForDeploymentPostprocessing = 0;
		};
/* End PBXResourcesBuildPhase section */

/* Begin PBXSourcesBuildPhase section */
		AE30BEBF2D5CEBDB00A5916A /* Sources */ = {
			isa = PBXSourcesBuildPhase;
			buildActionMask = 2147483647;
			files = (
				AE30BEDF2D5CEFFE00A5916A /* ItemModel.swift in Sources */,
				AE30BEDB2D5CEC8E00A5916A /* AddView.swift in Sources */,
				AE905E3B2D5E0F6C00C96E6B /* ListViewModel.swift in Sources */,
				AE30BED72D5CEC4D00A5916A /* ListView.swift in Sources */,
				AE30BEC72D5CEBDB00A5916A /* AppToDoApp.swift in Sources */,
				AE30BED92D5CEC7000A5916A /* ListRawView.swift in Sources */,
			);
			runOnlyForDeploymentPostprocessing = 0;
		};
/* End PBXSourcesBuildPhase section */

/* Begin XCBuildConfiguration section */
		AE30BECF2D5CEBE000A5916A /* Debug */ = {
			isa = XCBuildConfiguration;
			buildSettings = {
				ALWAYS_SEARCH_USER_PATHS = NO;
				CLANG_ANALYZER_NONNULL = YES;
				CLANG_ANALYZER_NUMBER_OBJECT_CONVERSION = YES_AGGRESSIVE;
				CLANG_CXX_LANGUAGE_STANDARD = "gnu++17";
				CLANG_CXX_LIBRARY = "libc++";
				CLANG_ENABLE_MODULES = YES;
				CLANG_ENABLE_OBJC_ARC = YES;
				CLANG_ENABLE_OBJC_WEAK = YES;
				CLANG_WARN_BLOCK_CAPTURE_AUTORELEASING = YES;
				CLANG_WARN_BOOL_CONVERSION = YES;
				CLANG_WARN_COMMA = YES;
				CLANG_WARN_CONSTANT_CONVERSION = YES;
				CLANG_WARN_DEPRECATED_OBJC_IMPLEMENTATIONS = YES;
				CLANG_WARN_DIRECT_OBJC_ISA_USAGE = YES_ERROR;
				CLANG_WARN_DOCUMENTATION_COMMENTS = YES;
				CLANG_WARN_EMPTY_BODY = YES;
				CLANG_WARN_ENUM_CONVERSION = YES;
				CLANG_WARN_INFINITE_RECURSION = YES;
				CLANG_WARN_INT_CONVERSION = YES;
				CLANG_WARN_NON_LITERAL_NULL_CONVERSION = YES;
				CLANG_WARN_OBJC_IMPLICIT_RETAIN_SELF = YES;
				CLANG_WARN_OBJC_LITERAL_CONVERSION = YES;
				CLANG_WARN_OBJC_ROOT_CLASS = YES_ERROR;
				CLANG_WARN_QUOTED_INCLUDE_IN_FRAMEWORK_HEADER = YES;
				CLANG_WARN_RANGE_LOOP_ANALYSIS = YES;
				CLANG_WARN_STRICT_PROTOTYPES = YES;
				CLANG_WARN_SUSPICIOUS_MOVE = YES;
				CLANG_WARN_UNGUARDED_AVAILABILITY = YES_AGGRESSIVE;
				CLANG_WARN_UNREACHABLE_CODE = YES;
				CLANG_WARN__DUPLICATE_METHOD_MATCH = YES;
				COPY_PHASE_STRIP = NO;
				DEBUG_INFORMATION_FORMAT = dwarf;
				ENABLE_STRICT_OBJC_MSGSEND = YES;
				ENABLE_TESTABILITY = YES;
				GCC_C_LANGUAGE_STANDARD = gnu11;
				GCC_DYNAMIC_NO_PIC = NO;
				GCC_NO_COMMON_BLOCKS = YES;
				GCC_OPTIMIZATION_LEVEL = 0;
				GCC_PREPROCESSOR_DEFINITIONS = (
					"DEBUG=1",
					"$(inherited)",
				);
				GCC_WARN_64_TO_32_BIT_CONVERSION = YES;
				GCC_WARN_ABOUT_RETURN_TYPE = YES_ERROR;
				GCC_WARN_UNDECLARED_SELECTOR = YES;
				GCC_WARN_UNINITIALIZED_AUTOS = YES_AGGRESSIVE;
				GCC_WARN_UNUSED_FUNCTION = YES;
				GCC_WARN_UNUSED_VARIABLE = YES;
				IPHONEOS_DEPLOYMENT_TARGET = 15.0;
				MTL_ENABLE_DEBUG_INFO = INCLUDE_SOURCE;
				MTL_FAST_MATH = YES;
				ONLY_ACTIVE_ARCH = YES;
				SDKROOT = iphoneos;
				SWIFT_ACTIVE_COMPILATION_CONDITIONS = DEBUG;
				SWIFT_OPTIMIZATION_LEVEL = "-Onone";
			};
			name = Debug;
		};
		AE30BED02D5CEBE000A5916A /* Release */ = {
			isa = XCBuildConfiguration;
			buildSettings = {
				ALWAYS_SEARCH_USER_PATHS = NO;
				CLANG_ANALYZER_NONNULL = YES;
				CLANG_ANALYZER_NUMBER_OBJECT_CONVERSION = YES_AGGRESSIVE;
				CLANG_CXX_LANGUAGE_STANDARD = "gnu++17";
				CLANG_CXX_LIBRARY = "libc++";
				CLANG_ENABLE_MODULES = YES;
				CLANG_ENABLE_OBJC_ARC = YES;
				CLANG_ENABLE_OBJC_WEAK = YES;
				CLANG_WARN_BLOCK_CAPTURE_AUTORELEASING = YES;
				CLANG_WARN_BOOL_CONVERSION = YES;
				CLANG_WARN_COMMA = YES;
				CLANG_WARN_CONSTANT_CONVERSION = YES;
				CLANG_WARN_DEPRECATED_OBJC_IMPLEMENTATIONS = YES;
				CLANG_WARN_DIRECT_OBJC_ISA_USAGE = YES_ERROR;
				CLANG_WARN_DOCUMENTATION_COMMENTS = YES;
				CLANG_WARN_EMPTY_BODY = YES;
				CLANG_WARN_ENUM_CONVERSION = YES;
				CLANG_WARN_INFINITE_RECURSION = YES;
				CLANG_WARN_INT_CONVERSION = YES;
				CLANG_WARN_NON_LITERAL_NULL_CONVERSION = YES;
				CLANG_WARN_OBJC_IMPLICIT_RETAIN_SELF = YES;
				CLANG_WARN_OBJC_LITERAL_CONVERSION = YES;
				CLANG_WARN_OBJC_ROOT_CLASS = YES_ERROR;
				CLANG_WARN_QUOTED_INCLUDE_IN_FRAMEWORK_HEADER = YES;
				CLANG_WARN_RANGE_LOOP_ANALYSIS = YES;
				CLANG_WARN_STRICT_PROTOTYPES = YES;
				CLANG_WARN_SUSPICIOUS_MOVE = YES;
				CLANG_WARN_UNGUARDED_AVAILABILITY = YES_AGGRESSIVE;
				CLANG_WARN_UNREACHABLE_CODE = YES;
				CLANG_WARN__DUPLICATE_METHOD_MATCH = YES;
				COPY_PHASE_STRIP = NO;
				DEBUG_INFORMATION_FORMAT = "dwarf-with-dsym";
				ENABLE_NS_ASSERTIONS = NO;
				ENABLE_STRICT_OBJC_MSGSEND = YES;
				GCC_C_LANGUAGE_STANDARD = gnu11;
				GCC_NO_COMMON_BLOCKS = YES;
				GCC_WARN_64_TO_32_BIT_CONVERSION = YES;
				GCC_WARN_ABOUT_RETURN_TYPE = YES_ERROR;
				GCC_WARN_UNDECLARED_SELECTOR = YES;
				GCC_WARN_UNINITIALIZED_AUTOS = YES_AGGRESSIVE;
				GCC_WARN_UNUSED_FUNCTION = YES;
				GCC_WARN_UNUSED_VARIABLE = YES;
				IPHONEOS_DEPLOYMENT_TARGET = 15.0;
				MTL_ENABLE_DEBUG_INFO = NO;
				MTL_FAST_MATH = YES;
				SDKROOT = iphoneos;
				SWIFT_COMPILATION_MODE = wholemodule;
				SWIFT_OPTIMIZATION_LEVEL = "-O";
				VALIDATE_PRODUCT = YES;
			};
			name = Release;
		};
		AE30BED22D5CEBE000A5916A /* Debug */ = {
			isa = XCBuildConfiguration;
			buildSettings = {
				ASSETCATALOG_COMPILER_APPICON_NAME = AppIcon;
				ASSETCATALOG_COMPILER_GLOBAL_ACCENT_COLOR_NAME = AccentColor;
				CODE_SIGN_STYLE = Automatic;
				CURRENT_PROJECT_VERSION = 1;
				DEVELOPMENT_ASSET_PATHS = "\"AppToDo/Preview Content\"";
				ENABLE_PREVIEWS = YES;
				GENERATE_INFOPLIST_FILE = YES;
				INFOPLIST_KEY_LSApplicationCategoryType = "";
				INFOPLIST_KEY_UIApplicationSceneManifest_Generation = YES;
				INFOPLIST_KEY_UIApplicationSupportsIndirectInputEvents = YES;
				INFOPLIST_KEY_UILaunchScreen_Generation = YES;
				INFOPLIST_KEY_UISupportedInterfaceOrientations_iPad = "UIInterfaceOrientationPortrait UIInterfaceOrientationPortraitUpsideDown UIInterfaceOrientationLandscapeLeft UIInterfaceOrientationLandscapeRight";
				INFOPLIST_KEY_UISupportedInterfaceOrientations_iPhone = "UIInterfaceOrientationPortrait UIInterfaceOrientationLandscapeLeft UIInterfaceOrientationLandscapeRight";
				IPHONEOS_DEPLOYMENT_TARGET = 14.0;
				LD_RUNPATH_SEARCH_PATHS = (
					"$(inherited)",
					"@executable_path/Frameworks",
				);
				MARKETING_VERSION = 1.0;
				PRODUCT_BUNDLE_IDENTIFIER = com.myorganization.AppToDo;
				PRODUCT_NAME = "$(TARGET_NAME)";
				SWIFT_EMIT_LOC_STRINGS = YES;
				SWIFT_VERSION = 5.0;
				TARGETED_DEVICE_FAMILY = "1,2";
			};
			name = Debug;
		};
		AE30BED32D5CEBE000A5916A /* Release */ = {
			isa = XCBuildConfiguration;
			buildSettings = {
				ASSETCATALOG_COMPILER_APPICON_NAME = AppIcon;
				ASSETCATALOG_COMPILER_GLOBAL_ACCENT_COLOR_NAME = AccentColor;
				CODE_SIGN_STYLE = Automatic;
				CURRENT_PROJECT_VERSION = 1;
				DEVELOPMENT_ASSET_PATHS = "\"AppToDo/Preview Content\"";
				ENABLE_PREVIEWS = YES;
				GENERATE_INFOPLIST_FILE = YES;
				INFOPLIST_KEY_LSApplicationCategoryType = "";
				INFOPLIST_KEY_UIApplicationSceneManifest_Generation = YES;
				INFOPLIST_KEY_UIApplicationSupportsIndirectInputEvents = YES;
				INFOPLIST_KEY_UILaunchScreen_Generation = YES;
				INFOPLIST_KEY_UISupportedInterfaceOrientations_iPad = "UIInterfaceOrientationPortrait UIInterfaceOrientationPortraitUpsideDown UIInterfaceOrientationLandscapeLeft UIInterfaceOrientationLandscapeRight";
				INFOPLIST_KEY_UISupportedInterfaceOrientations_iPhone = "UIInterfaceOrientationPortrait UIInterfaceOrientationLandscapeLeft UIInterfaceOrientationLandscapeRight";
				IPHONEOS_DEPLOYMENT_TARGET = 14.0;
				LD_RUNPATH_SEARCH_PATHS = (
					"$(inherited)",
					"@executable_path/Frameworks",
				);
				MARKETING_VERSION = 1.0;
				PRODUCT_BUNDLE_IDENTIFIER = com.myorganization.AppToDo;
				PRODUCT_NAME = "$(TARGET_NAME)";
				SWIFT_EMIT_LOC_STRINGS = YES;
				SWIFT_VERSION = 5.0;
				TARGETED_DEVICE_FAMILY = "1,2";
			};
			name = Release;
		};
/* End XCBuildConfiguration section */

/* Begin XCConfigurationList section */
		AE30BEBE2D5CEBDB00A5916A /* Build configuration list for PBXProject "AppToDo" */ = {
			isa = XCConfigurationList;
			buildConfigurations = (
				AE30BECF2D5CEBE000A5916A /* Debug */,
				AE30BED02D5CEBE000A5916A /* Release */,
			);
			defaultConfigurationIsVisible = 0;
			defaultConfigurationName = Release;
		};
		AE30BED12D5CEBE000A5916A /* Build configuration list for PBXNativeTarget "AppToDo" */ = {
			isa = XCConfigurationList;
			buildConfigurations = (
				AE30BED22D5CEBE000A5916A /* Debug */,
				AE30BED32D5CEBE000A5916A /* Release */,
			);
			defaultConfigurationIsVisible = 0;
			defaultConfigurationName = Release;
		};
/* End XCConfigurationList section */
	};
	rootObject = AE30BEBB2D5CEBDB00A5916A /* Project object */;
}
